
Microsoft Visual Studio Solution File, Format Version 12.00
# Visual Studio Version 16
VisualStudioVersion = 16.0.36107.64
MinimumVisualStudioVersion = 10.0.40219.1
Project("{FAE04EC0-301F-11D3-BF4B-00C04F79EFBC}") = "GTX", "GTX.csproj", "{4B76DF1B-6D3A-4E96-9741-AA718FE2A10E}"
EndProject
Project("{FAE04EC0-301F-11D3-BF4B-00C04F79EFBC}") = "CommonUnit", "..\Common\CommonUnit.csproj", "{CC5D0C80-9B30-4958-AB58-BC3E1939F91F}"
EndProject
Project("{FAE04EC0-301F-11D3-BF4B-00C04F79EFBC}") = "Services", "..\Services\Services.csproj", "{7BEEB995-F97F-4B1B-9008-A3439445C624}"
EndProject
Global
	GlobalSection(SolutionConfigurationPlatforms) = preSolution
		Debug|Any CPU = Debug|Any CPU
		Release|Any CPU = Release|Any CPU
	EndGlobalSection
	GlobalSection(ProjectConfigurationPlatforms) = postSolution
		{4B76DF1B-6D3A-4E96-9741-AA718FE2A10E}.Debug|Any CPU.ActiveCfg = Debug|Any CPU
		{4B76DF1B-6D3A-4E96-9741-AA718FE2A10E}.Debug|Any CPU.Build.0 = Debug|Any CPU
		{4B76DF1B-6D3A-4E96-9741-AA718FE2A10E}.Release|Any CPU.ActiveCfg = Release|Any CPU
		{4B76DF1B-6D3A-4E96-9741-AA718FE2A10E}.Release|Any CPU.Build.0 = Release|Any CPU
		{CC5D0C80-9B30-4958-AB58-BC3E1939F91F}.Debug|Any CPU.ActiveCfg = Debug|Any CPU
		{CC5D0C80-9B30-4958-AB58-BC3E1939F91F}.Debug|Any CPU.Build.0 = Debug|Any CPU
		{CC5D0C80-9B30-4958-AB58-BC3E1939F91F}.Release|Any CPU.ActiveCfg = Release|Any CPU
		{CC5D0C80-9B30-4958-AB58-BC3E1939F91F}.Release|Any CPU.Build.0 = Release|Any CPU
		{7BEEB995-F97F-4B1B-9008-A3439445C624}.Debug|Any CPU.ActiveCfg = Debug|Any CPU
		{7BEEB995-F97F-4B1B-9008-A3439445C624}.Debug|Any CPU.Build.0 = Debug|Any CPU
		{7BEEB995-F97F-4B1B-9008-A3439445C624}.Release|Any CPU.ActiveCfg = Release|Any CPU
		{7BEEB995-F97F-4B1B-9008-A3439445C624}.Release|Any CPU.Build.0 = Release|Any CPU
	EndGlobalSection
	GlobalSection(SolutionProperties) = preSolution
		HideSolutionNode = FALSE
	EndGlobalSection
	GlobalSection(ExtensibilityGlobals) = postSolution
		SolutionGuid = {FD498680-74D8-4501-95C8-AAA1BD68E980}
	EndGlobalSection
EndGlobal
